
Microsoft Visual Studio Solution File, Format Version 12.00
# Visual Studio Version 17
VisualStudioVersion = 17.4.33122.133
MinimumVisualStudioVersion = 10.0.40219.1
Project("{FAE04EC0-301F-11D3-BF4B-00C04F79EFBC}") = "Net7AotIssue.Android", "Net7AotIssue.Android\Net7AotIssue.Android.csproj", "{D164306A-8FDF-4D03-8691-AEBB827EB008}"
EndProject
Global
	GlobalSection(SolutionConfigurationPlatforms) = preSolution
		Debug|Any CPU = Debug|Any CPU
		Release|Any CPU = Release|Any CPU
	EndGlobalSection
	GlobalSection(ProjectConfigurationPlatforms) = postSolution
		{D164306A-8FDF-4D03-8691-AEBB827EB008}.Debug|Any CPU.ActiveCfg = Debug|Any CPU
		{D164306A-8FDF-4D03-8691-AEBB827EB008}.Debug|Any CPU.Build.0 = Debug|Any CPU
		{D164306A-8FDF-4D03-8691-AEBB827EB008}.Debug|Any CPU.Deploy.0 = Debug|Any CPU
		{D164306A-8FDF-4D03-8691-AEBB827EB008}.Release|Any CPU.ActiveCfg = Release|Any CPU
		{D164306A-8FDF-4D03-8691-AEBB827EB008}.Release|Any CPU.Build.0 = Release|Any CPU
		{D164306A-8FDF-4D03-8691-AEBB827EB008}.Release|Any CPU.Deploy.0 = Release|Any CPU
	EndGlobalSection
	GlobalSection(SolutionProperties) = preSolution
		HideSolutionNode = FALSE
	EndGlobalSection
	GlobalSection(ExtensibilityGlobals) = postSolution
		SolutionGuid = {FA99C198-5ECB-4426-AFEF-E8A7266324E3}
	EndGlobalSection
EndGlobal
